
Microsoft Visual Studio Solution File, Format Version 12.00
# Visual Studio Version 16
VisualStudioVersion = 16.0.30309.148
MinimumVisualStudioVersion = 10.0.40219.1
Project("{9A19103F-16F7-4668-BE54-9A1E7A4F7556}") = "Deeproxio.Workspace.API", "Deeproxio.Workspace.API\Deeproxio.Workspace.API.csproj", "{F5E67424-D798-4460-987C-072777684B6C}"
EndProject
Project("{2150E333-8FDC-42A3-9474-1A3956D46DE8}") = "Solution Items", "Solution Items", "{C0DD07AD-9FF0-4BAC-8A5E-936DF0CF3BD1}"
	ProjectSection(SolutionItems) = preProject
		.dockerignore = .dockerignore
		.editorconfig = .editorconfig
		.gitignore = .gitignore
		README.md = README.md
	EndProjectSection
EndProject
Project("{2150E333-8FDC-42A3-9474-1A3956D46DE8}") = "Application", "Application", "{E507059D-6E44-4F68-AAA7-E26DA25B1483}"
EndProject
Project("{2150E333-8FDC-42A3-9474-1A3956D46DE8}") = "Core", "Core", "{2B249E02-6342-4B50-A778-63545BD0E57E}"
EndProject
Project("{9A19103F-16F7-4668-BE54-9A1E7A4F7556}") = "Deeproxio.Workspace.BLL", "Deeproxio.Workspace.BLL\Deeproxio.Workspace.BLL.csproj", "{27044FD4-01DC-4134-9F9B-9A4E55984420}"
EndProject
Project("{FAE04EC0-301F-11D3-BF4B-00C04F79EFBC}") = "Deeproxio.Workspace.BLL.Contract", "Deeproxio.Workspace.BLL.Contract\Deeproxio.Workspace.BLL.Contract.csproj", "{3E3B9D67-3A5A-4CE5-9C94-5141D8DB89DB}"
EndProject
Project("{FAE04EC0-301F-11D3-BF4B-00C04F79EFBC}") = "Deeproxio.Workspace.DAL", "Deeproxio.Workspace.DAL\Deeproxio.Workspace.DAL.csproj", "{33B5C939-DA6E-4171-9013-241C4AB6393B}"
EndProject
Project("{FAE04EC0-301F-11D3-BF4B-00C04F79EFBC}") = "Deeproxio.Workspace.BLL.Tests", "Deeproxio.Workspace.BLL.Tests\Deeproxio.Workspace.BLL.Tests.csproj", "{436178D8-935E-42A8-8DDE-AE32AFC97B5A}"
EndProject
Project("{FAE04EC0-301F-11D3-BF4B-00C04F79EFBC}") = "Deeproxio.Workspace.DAL.Tests", "Deeproxio.Workspace.DAL.Tests\Deeproxio.Workspace.DAL.Tests.csproj", "{DF8BD22B-6BE3-4983-A15D-31E947636030}"
EndProject
Project("{FAE04EC0-301F-11D3-BF4B-00C04F79EFBC}") = "Deeproxio.Workspace.API.Tests", "Deeproxio.Workspace.API.Tests\Deeproxio.Workspace.API.Tests.csproj", "{92C9810B-4819-4551-9E09-3786CC80A29B}"
EndProject
Global
	GlobalSection(SolutionConfigurationPlatforms) = preSolution
		Debug|Any CPU = Debug|Any CPU
		Release|Any CPU = Release|Any CPU
	EndGlobalSection
	GlobalSection(ProjectConfigurationPlatforms) = postSolution
		{F5E67424-D798-4460-987C-072777684B6C}.Debug|Any CPU.ActiveCfg = Debug|Any CPU
		{F5E67424-D798-4460-987C-072777684B6C}.Debug|Any CPU.Build.0 = Debug|Any CPU
		{F5E67424-D798-4460-987C-072777684B6C}.Release|Any CPU.ActiveCfg = Release|Any CPU
		{F5E67424-D798-4460-987C-072777684B6C}.Release|Any CPU.Build.0 = Release|Any CPU
		{27044FD4-01DC-4134-9F9B-9A4E55984420}.Debug|Any CPU.ActiveCfg = Debug|Any CPU
		{27044FD4-01DC-4134-9F9B-9A4E55984420}.Debug|Any CPU.Build.0 = Debug|Any CPU
		{27044FD4-01DC-4134-9F9B-9A4E55984420}.Release|Any CPU.ActiveCfg = Release|Any CPU
		{27044FD4-01DC-4134-9F9B-9A4E55984420}.Release|Any CPU.Build.0 = Release|Any CPU
		{3E3B9D67-3A5A-4CE5-9C94-5141D8DB89DB}.Debug|Any CPU.ActiveCfg = Debug|Any CPU
		{3E3B9D67-3A5A-4CE5-9C94-5141D8DB89DB}.Debug|Any CPU.Build.0 = Debug|Any CPU
		{3E3B9D67-3A5A-4CE5-9C94-5141D8DB89DB}.Release|Any CPU.ActiveCfg = Release|Any CPU
		{3E3B9D67-3A5A-4CE5-9C94-5141D8DB89DB}.Release|Any CPU.Build.0 = Release|Any CPU
		{33B5C939-DA6E-4171-9013-241C4AB6393B}.Debug|Any CPU.ActiveCfg = Debug|Any CPU
		{33B5C939-DA6E-4171-9013-241C4AB6393B}.Debug|Any CPU.Build.0 = Debug|Any CPU
		{33B5C939-DA6E-4171-9013-241C4AB6393B}.Release|Any CPU.ActiveCfg = Release|Any CPU
		{33B5C939-DA6E-4171-9013-241C4AB6393B}.Release|Any CPU.Build.0 = Release|Any CPU
		{436178D8-935E-42A8-8DDE-AE32AFC97B5A}.Debug|Any CPU.ActiveCfg = Debug|Any CPU
		{436178D8-935E-42A8-8DDE-AE32AFC97B5A}.Debug|Any CPU.Build.0 = Debug|Any CPU
		{436178D8-935E-42A8-8DDE-AE32AFC97B5A}.Release|Any CPU.ActiveCfg = Release|Any CPU
		{436178D8-935E-42A8-8DDE-AE32AFC97B5A}.Release|Any CPU.Build.0 = Release|Any CPU
		{DF8BD22B-6BE3-4983-A15D-31E947636030}.Debug|Any CPU.ActiveCfg = Debug|Any CPU
		{DF8BD22B-6BE3-4983-A15D-31E947636030}.Debug|Any CPU.Build.0 = Debug|Any CPU
		{DF8BD22B-6BE3-4983-A15D-31E947636030}.Release|Any CPU.ActiveCfg = Release|Any CPU
		{DF8BD22B-6BE3-4983-A15D-31E947636030}.Release|Any CPU.Build.0 = Release|Any CPU
		{92C9810B-4819-4551-9E09-3786CC80A29B}.Debug|Any CPU.ActiveCfg = Debug|Any CPU
		{92C9810B-4819-4551-9E09-3786CC80A29B}.Debug|Any CPU.Build.0 = Debug|Any CPU
		{92C9810B-4819-4551-9E09-3786CC80A29B}.Release|Any CPU.ActiveCfg = Release|Any CPU
		{92C9810B-4819-4551-9E09-3786CC80A29B}.Release|Any CPU.Build.0 = Release|Any CPU
	EndGlobalSection
	GlobalSection(SolutionProperties) = preSolution
		HideSolutionNode = FALSE
	EndGlobalSection
	GlobalSection(NestedProjects) = preSolution
		{F5E67424-D798-4460-987C-072777684B6C} = {E507059D-6E44-4F68-AAA7-E26DA25B1483}
		{27044FD4-01DC-4134-9F9B-9A4E55984420} = {2B249E02-6342-4B50-A778-63545BD0E57E}
		{3E3B9D67-3A5A-4CE5-9C94-5141D8DB89DB} = {2B249E02-6342-4B50-A778-63545BD0E57E}
		{33B5C939-DA6E-4171-9013-241C4AB6393B} = {2B249E02-6342-4B50-A778-63545BD0E57E}
		{436178D8-935E-42A8-8DDE-AE32AFC97B5A} = {2B249E02-6342-4B50-A778-63545BD0E57E}
		{DF8BD22B-6BE3-4983-A15D-31E947636030} = {2B249E02-6342-4B50-A778-63545BD0E57E}
		{92C9810B-4819-4551-9E09-3786CC80A29B} = {E507059D-6E44-4F68-AAA7-E26DA25B1483}
	EndGlobalSection
	GlobalSection(ExtensibilityGlobals) = postSolution
		SolutionGuid = {C0D8DA2B-9629-4B84-ABFD-99FB1A949E84}
	EndGlobalSection
EndGlobal
